PODS:
  - Flutter (1.0.0)
  - ultralytics_yolo (0.6.0):
    - Flutter
    - UltralyticsYOLO (< 9.0, >= 8.9.4)
  - UltralyticsYOLO (8.9.4)

DEPENDENCIES:
  - Flutter (from `Flutter`)
  - ultralytics_yolo (from `.symlinks/plugins/ultralytics_yolo/ios`)

SPEC REPOS:
  trunk:
    - UltralyticsYOLO

EXTERNAL SOURCES:
  Flutter:
    :path: Flutter
  ultralytics_yolo:
    :path: ".symlinks/plugins/ultralytics_yolo/ios"

SPEC CHECKSUMS:
  Flutter: cabc95a1d2626b1b06e7179b784ebcf0c0cde467
  ultralytics_yolo: b19941dc12a47245d2db81462d4734ac1273e2c8
  UltralyticsYOLO: 163cd55ce4e0282ebc0d5712dd098d1897d04d7d

PODFILE CHECKSUM: f8576a864f318d809163e88f9d9e6a7d89eecacd

COCOAPODS: 1.16.2
